
Microsoft Visual Studio Solution File, Format Version 12.00
# Visual Studio Version 17
VisualStudioVersion = 17.14.36221.1 d17.14
MinimumVisualStudioVersion = 10.0.40219.1
Project("{FAE04EC0-301F-11D3-BF4B-00C04F79EFBC}") = "botón contar", "botón contar.csproj", "{94432893-4E20-460B-BE60-CDE1DE946B0E}"
EndProject
Global
	GlobalSection(SolutionConfigurationPlatforms) = preSolution
		Debug|Any CPU = Debug|Any CPU
		Release|Any CPU = Release|Any CPU
	EndGlobalSection
	GlobalSection(ProjectConfigurationPlatforms) = postSolution
		{94432893-4E20-460B-BE60-CDE1DE946B0E}.Debug|Any CPU.ActiveCfg = Debug|Any CPU
		{94432893-4E20-460B-BE60-CDE1DE946B0E}.Debug|Any CPU.Build.0 = Debug|Any CPU
		{94432893-4E20-460B-BE60-CDE1DE946B0E}.Release|Any CPU.ActiveCfg = Release|Any CPU
		{94432893-4E20-460B-BE60-CDE1DE946B0E}.Release|Any CPU.Build.0 = Release|Any CPU
	EndGlobalSection
	GlobalSection(SolutionProperties) = preSolution
		HideSolutionNode = FALSE
	EndGlobalSection
	GlobalSection(ExtensibilityGlobals) = postSolution
		SolutionGuid = {CDF5877B-072A-4C03-B184-52FF578FFE2F}
	EndGlobalSection
EndGlobal
