
Microsoft Visual Studio Solution File, Format Version 12.00
# Visual Studio Version 17
VisualStudioVersion = 17.14.36221.1 d17.14
MinimumVisualStudioVersion = 10.0.40219.1
Project("{F184B08F-C81C-45F6-A57F-5ABD9991F28F}") = "unidad1.proyectoLaber", "unidad1.proyectoLaber.vbproj", "{17951CEF-398D-492C-85E7-15512CC9A572}"
EndProject
Global
	GlobalSection(SolutionConfigurationPlatforms) = preSolution
		Debug|Any CPU = Debug|Any CPU
		Release|Any CPU = Release|Any CPU
	EndGlobalSection
	GlobalSection(ProjectConfigurationPlatforms) = postSolution
		{17951CEF-398D-492C-85E7-15512CC9A572}.Debug|Any CPU.ActiveCfg = Debug|Any CPU
		{17951CEF-398D-492C-85E7-15512CC9A572}.Debug|Any CPU.Build.0 = Debug|Any CPU
		{17951CEF-398D-492C-85E7-15512CC9A572}.Release|Any CPU.ActiveCfg = Release|Any CPU
		{17951CEF-398D-492C-85E7-15512CC9A572}.Release|Any CPU.Build.0 = Release|Any CPU
	EndGlobalSection
	GlobalSection(SolutionProperties) = preSolution
		HideSolutionNode = FALSE
	EndGlobalSection
	GlobalSection(ExtensibilityGlobals) = postSolution
		SolutionGuid = {7F78C687-4DA7-4FEB-81CD-6C58CEEAEA8F}
	EndGlobalSection
EndGlobal
